// !$*UTF8*$!
{
	archiveVersion = 1;
	classes = {
	};
	objectVersion = 77;
	objects = {

/* Begin PBXContainerItemProxy section */
		0194C6182DC56C1300705492 /* PBXContainerItemProxy */ = {
			isa = PBXContainerItemProxy;
			containerPortal = 0194C5F62DC56C1000705492 /* Project object */;
			proxyType = 1;
			remoteGlobalIDString = 0194C5FD2DC56C1000705492;
			remoteInfo = Bauble2d;
		};
		0194C6222DC56C1300705492 /* PBXContainerItemProxy */ = {
			isa = PBXContainerItemProxy;
			containerPortal = 0194C5F62DC56C1000705492 /* Project object */;
			proxyType = 1;
			remoteGlobalIDString = 0194C5FD2DC56C1000705492;
			remoteInfo = Bauble2d;
		};
/* End PBXContainerItemProxy section */

/* Begin PBXFileReference section */
		0194C5FE2DC56C1000705492 /* Bauble2d.app */ = {isa = PBXFileReference; explicitFileType = wrapper.application; includeInIndex = 0; path = Bauble2d.app; sourceTree = BUILT_PRODUCTS_DIR; };
		0194C6172DC56C1300705492 /* Bauble2dTests.xctest */ = {isa = PBXFileReference; explicitFileType = wrapper.cfbundle; includeInIndex = 0; path = Bauble2dTests.xctest; sourceTree = BUILT_PRODUCTS_DIR; };
		0194C6212DC56C1300705492 /* Bauble2dUITests.xctest */ = {isa = PBXFileReference; explicitFileType = wrapper.cfbundle; includeInIndex = 0; path = Bauble2dUITests.xctest; sourceTree = BUILT_PRODUCTS_DIR; };
/* End PBXFileReference section */

/* Begin PBXFileSystemSynchronizedRootGroup section */
		0194C6002DC56C1000705492 /* Bauble2d */ = {
			isa = PBXFileSystemSynchronizedRootGroup;
			path = Bauble2d;
			sourceTree = "<group>";
		};
		0194C61A2DC56C1300705492 /* Bauble2dTests */ = {
			isa = PBXFileSystemSynchronizedRootGroup;
			path = Bauble2dTests;
			sourceTree = "<group>";
		};
		0194C6242DC56C1300705492 /* Bauble2dUITests */ = {
			isa = PBXFileSystemSynchronizedRootGroup;
			path = Bauble2dUITests;
			sourceTree = "<group>";
		};
/* End PBXFileSystemSynchronizedRootGroup section */

/* Begin PBXFrameworksBuildPhase section */
		0194C5FB2DC56C1000705492 /* Frameworks */ = {
			isa = PBXFrameworksBuildPhase;
			buildActionMask = 2147483647;
			files = (
			);
			runOnlyForDeploymentPostprocessing = 0;
		};
		0194C6142DC56C1300705492 /* Frameworks */ = {
			isa = PBXFrameworksBuildPhase;
			buildActionMask = 2147483647;
			files = (
			);
			runOnlyForDeploymentPostprocessing = 0;
		};
		0194C61E2DC56C1300705492 /* Frameworks */ = {
			isa = PBXFrameworksBuildPhase;
			buildActionMask = 2147483647;
			files = (
			);
			runOnlyForDeploymentPostprocessing = 0;
		};
/* End PBXFrameworksBuildPhase section */

/* Begin PBXGroup section */
		0194C5F52DC56C1000705492 = {
			isa = PBXGroup;
			children = (
				0194C6002DC56C1000705492 /* Bauble2d */,
				0194C61A2DC56C1300705492 /* Bauble2dTests */,
				0194C6242DC56C1300705492 /* Bauble2dUITests */,
				0194C5FF2DC56C1000705492 /* Products */,
			);
			sourceTree = "<group>";
		};
		0194C5FF2DC56C1000705492 /* Products */ = {
			isa = PBXGroup;
			children = (
				0194C5FE2DC56C1000705492 /* Bauble2d.app */,
				0194C6172DC56C1300705492 /* Bauble2dTests.xctest */,
				0194C6212DC56C1300705492 /* Bauble2dUITests.xctest */,
			);
			name = Products;
			sourceTree = "<group>";
		};
/* End PBXGroup section */

/* Begin PBXNativeTarget section */
		0194C5FD2DC56C1000705492 /* Bauble2d */ = {
			isa = PBXNativeTarget;
			buildConfigurationList = 0194C62B2DC56C1300705492 /* Build configuration list for PBXNativeTarget "Bauble2d" */;
			buildPhases = (
				0194C5FA2DC56C1000705492 /* Sources */,
				0194C5FB2DC56C1000705492 /* Frameworks */,
				0194C5FC2DC56C1000705492 /* Resources */,
			);
			buildRules = (
			);
			dependencies = (
			);
			fileSystemSynchronizedGroups = (
				0194C6002DC56C1000705492 /* Bauble2d */,
			);
			name = Bauble2d;
			packageProductDependencies = (
			);
			productName = Bauble2d;
			productReference = 0194C5FE2DC56C1000705492 /* Bauble2d.app */;
			productType = "com.apple.product-type.application";
		};
		0194C6162DC56C1300705492 /* Bauble2dTests */ = {
			isa = PBXNativeTarget;
			buildConfigurationList = 0194C62E2DC56C1300705492 /* Build configuration list for PBXNativeTarget "Bauble2dTests" */;
			buildPhases = (
				0194C6132DC56C1300705492 /* Sources */,
				0194C6142DC56C1300705492 /* Frameworks */,
				0194C6152DC56C1300705492 /* Resources */,
			);
			buildRules = (
			);
			dependencies = (
				0194C6192DC56C1300705492 /* PBXTargetDependency */,
			);
			fileSystemSynchronizedGroups = (
				0194C61A2DC56C1300705492 /* Bauble2dTests */,
			);
			name = Bauble2dTests;
			packageProductDependencies = (
			);
			productName = Bauble2dTests;
			productReference = 0194C6172DC56C1300705492 /* Bauble2dTests.xctest */;
			productType = "com.apple.product-type.bundle.unit-test";
		};
		0194C6202DC56C1300705492 /* Bauble2dUITests */ = {
			isa = PBXNativeTarget;
			buildConfigurationList = 0194C6312DC56C1300705492 /* Build configuration list for PBXNativeTarget "Bauble2dUITests" */;
			buildPhases = (
				0194C61D2DC56C1300705492 /* Sources */,
				0194C61E2DC56C1300705492 /* Frameworks */,
				0194C61F2DC56C1300705492 /* Resources */,
			);
			buildRules = (
			);
			dependencies = (
				0194C6232DC56C1300705492 /* PBXTargetDependency */,
			);
			fileSystemSynchronizedGroups = (
				0194C6242DC56C1300705492 /* Bauble2dUITests */,
			);
			name = Bauble2dUITests;
			packageProductDependencies = (
			);
			productName = Bauble2dUITests;
			productReference = 0194C6212DC56C1300705492 /* Bauble2dUITests.xctest */;
			productType = "com.apple.product-type.bundle.ui-testing";
		};
/* End PBXNativeTarget section */

/* Begin PBXProject section */
		0194C5F62DC56C1000705492 /* Project object */ = {
			isa = PBXProject;
			attributes = {
				BuildIndependentTargetsInParallel = 1;
				LastSwiftUpdateCheck = 1630;
				LastUpgradeCheck = 1630;
				TargetAttributes = {
					0194C5FD2DC56C1000705492 = {
						CreatedOnToolsVersion = 16.3;
					};
					0194C6162DC56C1300705492 = {
						CreatedOnToolsVersion = 16.3;
						TestTargetID = 0194C5FD2DC56C1000705492;
					};
					0194C6202DC56C1300705492 = {
						CreatedOnToolsVersion = 16.3;
						TestTargetID = 0194C5FD2DC56C1000705492;
					};
				};
			};
			buildConfigurationList = 0194C5F92DC56C1000705492 /* Build configuration list for PBXProject "Bauble2d" */;
			developmentRegion = en;
			hasScannedForEncodings = 0;
			knownRegions = (
				en,
				Base,
			);
			mainGroup = 0194C5F52DC56C1000705492;
			minimizedProjectReferenceProxies = 1;
			preferredProjectObjectVersion = 77;
			productRefGroup = 0194C5FF2DC56C1000705492 /* Products */;
			projectDirPath = "";
			projectRoot = "";
			targets = (
				0194C5FD2DC56C1000705492 /* Bauble2d */,
				0194C6162DC56C1300705492 /* Bauble2dTests */,
				0194C6202DC56C1300705492 /* Bauble2dUITests */,
			);
		};
/* End PBXProject section */

/* Begin PBXResourcesBuildPhase section */
		0194C5FC2DC56C1000705492 /* Resources */ = {
			isa = PBXResourcesBuildPhase;
			buildActionMask = 2147483647;
			files = (
			);
			runOnlyForDeploymentPostprocessing = 0;
		};
		0194C6152DC56C1300705492 /* Resources */ = {
			isa = PBXResourcesBuildPhase;
			buildActionMask = 2147483647;
			files = (
			);
			runOnlyForDeploymentPostprocessing = 0;
		};
		0194C61F2DC56C1300705492 /* Resources */ = {
			isa = PBXResourcesBuildPhase;
			buildActionMask = 2147483647;
			files = (
			);
			runOnlyForDeploymentPostprocessing = 0;
		};
/* End PBXResourcesBuildPhase section */

/* Begin PBXSourcesBuildPhase section */
		0194C5FA2DC56C1000705492 /* Sources */ = {
			isa = PBXSourcesBuildPhase;
			buildActionMask = 2147483647;
			files = (
			);
			runOnlyForDeploymentPostprocessing = 0;
		};
		0194C6132DC56C1300705492 /* Sources */ = {
			isa = PBXSourcesBuildPhase;
			buildActionMask = 2147483647;
			files = (
			);
			runOnlyForDeploymentPostprocessing = 0;
		};
		0194C61D2DC56C1300705492 /* Sources */ = {
			isa = PBXSourcesBuildPhase;
			buildActionMask = 2147483647;
			files = (
			);
			runOnlyForDeploymentPostprocessing = 0;
		};
/* End PBXSourcesBuildPhase section */

/* Begin PBXTargetDependency section */
		0194C6192DC56C1300705492 /* PBXTargetDependency */ = {
			isa = PBXTargetDependency;
			target = 0194C5FD2DC56C1000705492 /* Bauble2d */;
			targetProxy = 0194C6182DC56C1300705492 /* PBXContainerItemProxy */;
		};
		0194C6232DC56C1300705492 /* PBXTargetDependency */ = {
			isa = PBXTargetDependency;
			target = 0194C5FD2DC56C1000705492 /* Bauble2d */;
			targetProxy = 0194C6222DC56C1300705492 /* PBXContainerItemProxy */;
		};
/* End PBXTargetDependency section */

/* Begin XCBuildConfiguration section */
		0194C6292DC56C1300705492 /* Debug */ = {
			isa = XCBuildConfiguration;
			buildSettings = {
				ALWAYS_SEARCH_USER_PATHS = NO;
				ASSETCATALOG_COMPILER_GENERATE_SWIFT_ASSET_SYMBOL_EXTENSIONS = YES;
				CLANG_ANALYZER_NONNULL = YES;
				CLANG_ANALYZER_NUMBER_OBJECT_CONVERSION = YES_AGGRESSIVE;
				CLANG_CXX_LANGUAGE_STANDARD = "gnu++20";
				CLANG_ENABLE_MODULES = YES;
				CLANG_ENABLE_OBJC_ARC = YES;
				CLANG_ENABLE_OBJC_WEAK = YES;
				CLANG_WARN_BLOCK_CAPTURE_AUTORELEASING = YES;
				CLANG_WARN_BOOL_CONVERSION = YES;
				CLANG_WARN_COMMA = YES;
				CLANG_WARN_CONSTANT_CONVERSION = YES;
				CLANG_WARN_DEPRECATED_OBJC_IMPLEMENTATIONS = YES;
				CLANG_WARN_DIRECT_OBJC_ISA_USAGE = YES_ERROR;
				CLANG_WARN_DOCUMENTATION_COMMENTS = YES;
				CLANG_WARN_EMPTY_BODY = YES;
				CLANG_WARN_ENUM_CONVERSION = YES;
				CLANG_WARN_INFINITE_RECURSION = YES;
				CLANG_WARN_INT_CONVERSION = YES;
				CLANG_WARN_NON_LITERAL_NULL_CONVERSION = YES;
				CLANG_WARN_OBJC_IMPLICIT_RETAIN_SELF = YES;
				CLANG_WARN_OBJC_LITERAL_CONVERSION = YES;
				CLANG_WARN_OBJC_ROOT_CLASS = YES_ERROR;
				CLANG_WARN_QUOTED_INCLUDE_IN_FRAMEWORK_HEADER = YES;
				CLANG_WARN_RANGE_LOOP_ANALYSIS = YES;
				CLANG_WARN_STRICT_PROTOTYPES = YES;
				CLANG_WARN_SUSPICIOUS_MOVE = YES;
				CLANG_WARN_UNGUARDED_AVAILABILITY = YES_AGGRESSIVE;
				CLANG_WARN_UNREACHABLE_CODE = YES;
				CLANG_WARN__DUPLICATE_METHOD_MATCH = YES;
				COPY_PHASE_STRIP = NO;
				DEBUG_INFORMATION_FORMAT = dwarf;
				ENABLE_STRICT_OBJC_MSGSEND = YES;
				ENABLE_TESTABILITY = YES;
				ENABLE_USER_SCRIPT_SANDBOXING = YES;
				GCC_C_LANGUAGE_STANDARD = gnu17;
				GCC_DYNAMIC_NO_PIC = NO;
				GCC_NO_COMMON_BLOCKS = YES;
				GCC_OPTIMIZATION_LEVEL = 0;
				GCC_PREPROCESSOR_DEFINITIONS = (
					"DEBUG=1",
					"$(inherited)",
				);
				GCC_WARN_64_TO_32_BIT_CONVERSION = YES;
				GCC_WARN_ABOUT_RETURN_TYPE = YES_ERROR;
				GCC_WARN_UNDECLARED_SELECTOR = YES;
				GCC_WARN_UNINITIALIZED_AUTOS = YES_AGGRESSIVE;
				GCC_WARN_UNUSED_FUNCTION = YES;
				GCC_WARN_UNUSED_VARIABLE = YES;
				IPHONEOS_DEPLOYMENT_TARGET = 18.4;
				LOCALIZATION_PREFERS_STRING_CATALOGS = YES;
				MTL_ENABLE_DEBUG_INFO = INCLUDE_SOURCE;
				MTL_FAST_MATH = YES;
				ONLY_ACTIVE_ARCH = YES;
				SDKROOT = iphoneos;
				SWIFT_ACTIVE_COMPILATION_CONDITIONS = "DEBUG $(inherited)";
				SWIFT_OPTIMIZATION_LEVEL = "-Onone";
			};
			name = Debug;
		};
		0194C62A2DC56C1300705492 /* Release */ = {
			isa = XCBuildConfiguration;
			buildSettings = {
				ALWAYS_SEARCH_USER_PATHS = NO;
				ASSETCATALOG_COMPILER_GENERATE_SWIFT_ASSET_SYMBOL_EXTENSIONS = YES;
				CLANG_ANALYZER_NONNULL = YES;
				CLANG_ANALYZER_NUMBER_OBJECT_CONVERSION = YES_AGGRESSIVE;
				CLANG_CXX_LANGUAGE_STANDARD = "gnu++20";
				CLANG_ENABLE_MODULES = YES;
				CLANG_ENABLE_OBJC_ARC = YES;
				CLANG_ENABLE_OBJC_WEAK = YES;
				CLANG_WARN_BLOCK_CAPTURE_AUTORELEASING = YES;
				CLANG_WARN_BOOL_CONVERSION = YES;
				CLANG_WARN_COMMA = YES;
				CLANG_WARN_CONSTANT_CONVERSION = YES;
				CLANG_WARN_DEPRECATED_OBJC_IMPLEMENTATIONS = YES;
				CLANG_WARN_DIRECT_OBJC_ISA_USAGE = YES_ERROR;
				CLANG_WARN_DOCUMENTATION_COMMENTS = YES;
				CLANG_WARN_EMPTY_BODY = YES;
				CLANG_WARN_ENUM_CONVERSION = YES;
				CLANG_WARN_INFINITE_RECURSION = YES;
				CLANG_WARN_INT_CONVERSION = YES;
				CLANG_WARN_NON_LITERAL_NULL_CONVERSION = YES;
				CLANG_WARN_OBJC_IMPLICIT_RETAIN_SELF = YES;
				CLANG_WARN_OBJC_LITERAL_CONVERSION = YES;
				CLANG_WARN_OBJC_ROOT_CLASS = YES_ERROR;
				CLANG_WARN_QUOTED_INCLUDE_IN_FRAMEWORK_HEADER = YES;
				CLANG_WARN_RANGE_LOOP_ANALYSIS = YES;
				CLANG_WARN_STRICT_PROTOTYPES = YES;
				CLANG_WARN_SUSPICIOUS_MOVE = YES;
				CLANG_WARN_UNGUARDED_AVAILABILITY = YES_AGGRESSIVE;
				CLANG_WARN_UNREACHABLE_CODE = YES;
				CLANG_WARN__DUPLICATE_METHOD_MATCH = YES;
				COPY_PHASE_STRIP = NO;
				DEBUG_INFORMATION_FORMAT = "dwarf-with-dsym";
				ENABLE_NS_ASSERTIONS = NO;
				ENABLE_STRICT_OBJC_MSGSEND = YES;
				ENABLE_USER_SCRIPT_SANDBOXING = YES;
				GCC_C_LANGUAGE_STANDARD = gnu17;
				GCC_NO_COMMON_BLOCKS = YES;
				GCC_WARN_64_TO_32_BIT_CONVERSION = YES;
				GCC_WARN_ABOUT_RETURN_TYPE = YES_ERROR;
				GCC_WARN_UNDECLARED_SELECTOR = YES;
				GCC_WARN_UNINITIALIZED_AUTOS = YES_AGGRESSIVE;
				GCC_WARN_UNUSED_FUNCTION = YES;
				GCC_WARN_UNUSED_VARIABLE = YES;
				IPHONEOS_DEPLOYMENT_TARGET = 18.4;
				LOCALIZATION_PREFERS_STRING_CATALOGS = YES;
				MTL_ENABLE_DEBUG_INFO = NO;
				MTL_FAST_MATH = YES;
				SDKROOT = iphoneos;
				SWIFT_COMPILATION_MODE = wholemodule;
				VALIDATE_PRODUCT = YES;
			};
			name = Release;
		};
		0194C62C2DC56C1300705492 /* Debug */ = {
			isa = XCBuildConfiguration;
			buildSettings = {
				ASSETCATALOG_COMPILER_APPICON_NAME = AppIcon;
				ASSETCATALOG_COMPILER_GLOBAL_ACCENT_COLOR_NAME = AccentColor;
				CODE_SIGN_STYLE = Automatic;
				CURRENT_PROJECT_VERSION = 1;
				DEVELOPMENT_TEAM = H8FW6KD8L3;
				GENERATE_INFOPLIST_FILE = YES;
				INFOPLIST_KEY_UIApplicationSupportsIndirectInputEvents = YES;
				INFOPLIST_KEY_UILaunchStoryboardName = LaunchScreen;
				INFOPLIST_KEY_UIMainStoryboardFile = Main;
				INFOPLIST_KEY_UIRequiresFullScreen = YES;
				INFOPLIST_KEY_UIStatusBarHidden = YES;
				INFOPLIST_KEY_UISupportedInterfaceOrientations = "UIInterfaceOrientationLandscapeLeft UIInterfaceOrientationLandscapeRight";
				IPHONEOS_DEPLOYMENT_TARGET = 18.0;
				LD_RUNPATH_SEARCH_PATHS = (
					"$(inherited)",
					"@executable_path/Frameworks",
				);
				MARKETING_VERSION = 1.0;
				PRODUCT_BUNDLE_IDENTIFIER = com.jonesclass.hatzidakis.Bauble2d;
				PRODUCT_NAME = "$(TARGET_NAME)";
				SWIFT_EMIT_LOC_STRINGS = YES;
				SWIFT_VERSION = 5.0;
				TARGETED_DEVICE_FAMILY = "1,2";
			};
			name = Debug;
		};
		0194C62D2DC56C1300705492 /* Release */ = {
			isa = XCBuildConfiguration;
			buildSettings = {
				ASSETCATALOG_COMPILER_APPICON_NAME = AppIcon;
				ASSETCATALOG_COMPILER_GLOBAL_ACCENT_COLOR_NAME = AccentColor;
				CODE_SIGN_STYLE = Automatic;
				CURRENT_PROJECT_VERSION = 1;
				DEVELOPMENT_TEAM = H8FW6KD8L3;
				GENERATE_INFOPLIST_FILE = YES;
				INFOPLIST_KEY_UIApplicationSupportsIndirectInputEvents = YES;
				INFOPLIST_KEY_UILaunchStoryboardName = LaunchScreen;
				INFOPLIST_KEY_UIMainStoryboardFile = Main;
				INFOPLIST_KEY_UIRequiresFullScreen = YES;
				INFOPLIST_KEY_UIStatusBarHidden = YES;
				INFOPLIST_KEY_UISupportedInterfaceOrientations = "UIInterfaceOrientationLandscapeLeft UIInterfaceOrientationLandscapeRight";
				IPHONEOS_DEPLOYMENT_TARGET = 18.0;
				LD_RUNPATH_SEARCH_PATHS = (
					"$(inherited)",
					"@executable_path/Frameworks",
				);
				MARKETING_VERSION = 1.0;
				PRODUCT_BUNDLE_IDENTIFIER = com.jonesclass.hatzidakis.Bauble2d;
				PRODUCT_NAME = "$(TARGET_NAME)";
				SWIFT_EMIT_LOC_STRINGS = YES;
				SWIFT_VERSION = 5.0;
				TARGETED_DEVICE_FAMILY = "1,2";
			};
			name = Release;
		};
		0194C62F2DC56C1300705492 /* Debug */ = {
			isa = XCBuildConfiguration;
			buildSettings = {
				BUNDLE_LOADER = "$(TEST_HOST)";
				CODE_SIGN_STYLE = Automatic;
				CURRENT_PROJECT_VERSION = 1;
				GENERATE_INFOPLIST_FILE = YES;
				IPHONEOS_DEPLOYMENT_TARGET = 18.4;
				MARKETING_VERSION = 1.0;
				PRODUCT_BUNDLE_IDENTIFIER = com.jonesclass.hatzidakis.Bauble2dTests;
				PRODUCT_NAME = "$(TARGET_NAME)";
				SWIFT_EMIT_LOC_STRINGS = NO;
				SWIFT_VERSION = 5.0;
				TARGETED_DEVICE_FAMILY = "1,2";
				TEST_HOST = "$(BUILT_PRODUCTS_DIR)/Bauble2d.app/$(BUNDLE_EXECUTABLE_FOLDER_PATH)/Bauble2d";
			};
			name = Debug;
		};
		0194C6302DC56C1300705492 /* Release */ = {
			isa = XCBuildConfiguration;
			buildSettings = {
				BUNDLE_LOADER = "$(TEST_HOST)";
				CODE_SIGN_STYLE = Automatic;
				CURRENT_PROJECT_VERSION = 1;
				GENERATE_INFOPLIST_FILE = YES;
				IPHONEOS_DEPLOYMENT_TARGET = 18.4;
				MARKETING_VERSION = 1.0;
				PRODUCT_BUNDLE_IDENTIFIER = com.jonesclass.hatzidakis.Bauble2dTests;
				PRODUCT_NAME = "$(TARGET_NAME)";
				SWIFT_EMIT_LOC_STRINGS = NO;
				SWIFT_VERSION = 5.0;
				TARGETED_DEVICE_FAMILY = "1,2";
				TEST_HOST = "$(BUILT_PRODUCTS_DIR)/Bauble2d.app/$(BUNDLE_EXECUTABLE_FOLDER_PATH)/Bauble2d";
			};
			name = Release;
		};
		0194C6322DC56C1300705492 /* Debug */ = {
			isa = XCBuildConfiguration;
			buildSettings = {
				CODE_SIGN_STYLE = Automatic;
				CURRENT_PROJECT_VERSION = 1;
				GENERATE_INFOPLIST_FILE = YES;
				MARKETING_VERSION = 1.0;
				PRODUCT_BUNDLE_IDENTIFIER = com.jonesclass.hatzidakis.Bauble2dUITests;
				PRODUCT_NAME = "$(TARGET_NAME)";
				SWIFT_EMIT_LOC_STRINGS = NO;
				SWIFT_VERSION = 5.0;
				TARGETED_DEVICE_FAMILY = "1,2";
				TEST_TARGET_NAME = Bauble2d;
			};
			name = Debug;
		};
		0194C6332DC56C1300705492 /* Release */ = {
			isa = XCBuildConfiguration;
			buildSettings = {
				CODE_SIGN_STYLE = Automatic;
				CURRENT_PROJECT_VERSION = 1;
				GENERATE_INFOPLIST_FILE = YES;
				MARKETING_VERSION = 1.0;
				PRODUCT_BUNDLE_IDENTIFIER = com.jonesclass.hatzidakis.Bauble2dUITests;
				PRODUCT_NAME = "$(TARGET_NAME)";
				SWIFT_EMIT_LOC_STRINGS = NO;
				SWIFT_VERSION = 5.0;
				TARGETED_DEVICE_FAMILY = "1,2";
				TEST_TARGET_NAME = Bauble2d;
			};
			name = Release;
		};
/* End XCBuildConfiguration section */

/* Begin XCConfigurationList section */
		0194C5F92DC56C1000705492 /* Build configuration list for PBXProject "Bauble2d" */ = {
			isa = XCConfigurationList;
			buildConfigurations = (
				0194C6292DC56C1300705492 /* Debug */,
				0194C62A2DC56C1300705492 /* Release */,
			);
			defaultConfigurationIsVisible = 0;
			defaultConfigurationName = Release;
		};
		0194C62B2DC56C1300705492 /* Build configuration list for PBXNativeTarget "Bauble2d" */ = {
			isa = XCConfigurationList;
			buildConfigurations = (
				0194C62C2DC56C1300705492 /* Debug */,
				0194C62D2DC56C1300705492 /* Release */,
			);
			defaultConfigurationIsVisible = 0;
			defaultConfigurationName = Release;
		};
		0194C62E2DC56C1300705492 /* Build configuration list for PBXNativeTarget "Bauble2dTests" */ = {
			isa = XCConfigurationList;
			buildConfigurations = (
				0194C62F2DC56C1300705492 /* Debug */,
				0194C6302DC56C1300705492 /* Release */,
			);
			defaultConfigurationIsVisible = 0;
			defaultConfigurationName = Release;
		};
		0194C6312DC56C1300705492 /* Build configuration list for PBXNativeTarget "Bauble2dUITests" */ = {
			isa = XCConfigurationList;
			buildConfigurations = (
				0194C6322DC56C1300705492 /* Debug */,
				0194C6332DC56C1300705492 /* Release */,
			);
			defaultConfigurationIsVisible = 0;
			defaultConfigurationName = Release;
		};
/* End XCConfigurationList section */
	};
	rootObject = 0194C5F62DC56C1000705492 /* Project object */;
}
